
Microsoft Visual Studio Solution File, Format Version 12.00
# Visual Studio 15
VisualStudioVersion = 15.0.28307.1145
MinimumVisualStudioVersion = 10.0.40219.1
Project("{8BC9CEB8-8B4A-11D0-8D11-00A0C91BC942}") = "linCloud", "linCloud\linCloud.vcxproj", "{3371A356-2157-48C9-9E1E-DCF73D5AF6CB}"
EndProject
Global
	GlobalSection(SolutionConfigurationPlatforms) = preSolution
		Debug|ARM = Debug|ARM
		Debug|ARM64 = Debug|ARM64
		Debug|x64 = Debug|x64
		Debug|x86 = Debug|x86
		Release|ARM = Release|ARM
		Release|ARM64 = Release|ARM64
		Release|x64 = Release|x64
		Release|x86 = Release|x86
	EndGlobalSection
	GlobalSection(ProjectConfigurationPlatforms) = postSolution
		{3371A356-2157-48C9-9E1E-DCF73D5AF6CB}.Debug|ARM.ActiveCfg = Debug|ARM
		{3371A356-2157-48C9-9E1E-DCF73D5AF6CB}.Debug|ARM.Build.0 = Debug|ARM
		{3371A356-2157-48C9-9E1E-DCF73D5AF6CB}.Debug|ARM64.ActiveCfg = Debug|ARM64
		{3371A356-2157-48C9-9E1E-DCF73D5AF6CB}.Debug|ARM64.Build.0 = Debug|ARM64
		{3371A356-2157-48C9-9E1E-DCF73D5AF6CB}.Debug|x64.ActiveCfg = Debug|x64
		{3371A356-2157-48C9-9E1E-DCF73D5AF6CB}.Debug|x64.Build.0 = Debug|x64
		{3371A356-2157-48C9-9E1E-DCF73D5AF6CB}.Debug|x86.ActiveCfg = Debug|x86
		{3371A356-2157-48C9-9E1E-DCF73D5AF6CB}.Debug|x86.Build.0 = Debug|x86
		{3371A356-2157-48C9-9E1E-DCF73D5AF6CB}.Release|ARM.ActiveCfg = Release|ARM
		{3371A356-2157-48C9-9E1E-DCF73D5AF6CB}.Release|ARM.Build.0 = Release|ARM
		{3371A356-2157-48C9-9E1E-DCF73D5AF6CB}.Release|ARM64.ActiveCfg = Release|ARM64
		{3371A356-2157-48C9-9E1E-DCF73D5AF6CB}.Release|ARM64.Build.0 = Release|ARM64
		{3371A356-2157-48C9-9E1E-DCF73D5AF6CB}.Release|x64.ActiveCfg = Release|x64
		{3371A356-2157-48C9-9E1E-DCF73D5AF6CB}.Release|x64.Build.0 = Release|x64
		{3371A356-2157-48C9-9E1E-DCF73D5AF6CB}.Release|x86.ActiveCfg = Release|x86
		{3371A356-2157-48C9-9E1E-DCF73D5AF6CB}.Release|x86.Build.0 = Release|x86
	EndGlobalSection
	GlobalSection(SolutionProperties) = preSolution
		HideSolutionNode = FALSE
	EndGlobalSection
	GlobalSection(ExtensibilityGlobals) = postSolution
		SolutionGuid = {A3721746-233B-4BEC-8162-FFE8F4F091F9}
	EndGlobalSection
EndGlobal
